
Microsoft Visual Studio Solution File, Format Version 12.00
# Visual Studio 15
VisualStudioVersion = 15.0.27428.2043
MinimumVisualStudioVersion = 10.0.40219.1
Project("{FAE04EC0-301F-11D3-BF4B-00C04F79EFBC}") = "GameLorenzo", "GameLorenzo\GameLorenzo.csproj", "{CBD3B6FD-93D8-4545-AE16-EA71AE3EE274}"
EndProject
Global
	GlobalSection(SolutionConfigurationPlatforms) = preSolution
		Debug|x86 = Debug|x86
		Release|x86 = Release|x86
	EndGlobalSection
	GlobalSection(ProjectConfigurationPlatforms) = postSolution
		{CBD3B6FD-93D8-4545-AE16-EA71AE3EE274}.Debug|x86.ActiveCfg = Debug|x86
		{CBD3B6FD-93D8-4545-AE16-EA71AE3EE274}.Debug|x86.Build.0 = Debug|x86
		{CBD3B6FD-93D8-4545-AE16-EA71AE3EE274}.Release|x86.ActiveCfg = Release|x86
		{CBD3B6FD-93D8-4545-AE16-EA71AE3EE274}.Release|x86.Build.0 = Release|x86
	EndGlobalSection
	GlobalSection(SolutionProperties) = preSolution
		HideSolutionNode = FALSE
	EndGlobalSection
	GlobalSection(ExtensibilityGlobals) = postSolution
		SolutionGuid = {C1BB08C1-5613-4528-8B7E-940C3EAA4CB0}
	EndGlobalSection
EndGlobal
